
Microsoft Visual Studio Solution File, Format Version 12.00
# Visual Studio 15
VisualStudioVersion = 15.0.28307.645
MinimumVisualStudioVersion = 10.0.40219.1
Project("{FAE04EC0-301F-11D3-BF4B-00C04F79EFBC}") = "AutoMapper81_ListFail", "AutoMapper81_ListFail\AutoMapper81_ListFail.csproj", "{11317F94-4427-4AFD-AE7A-DD7E491FED9A}"
EndProject
Global
	GlobalSection(SolutionConfigurationPlatforms) = preSolution
		Debug|Any CPU = Debug|Any CPU
		Release|Any CPU = Release|Any CPU
	EndGlobalSection
	GlobalSection(ProjectConfigurationPlatforms) = postSolution
		{11317F94-4427-4AFD-AE7A-DD7E491FED9A}.Debug|Any CPU.ActiveCfg = Debug|Any CPU
		{11317F94-4427-4AFD-AE7A-DD7E491FED9A}.Debug|Any CPU.Build.0 = Debug|Any CPU
		{11317F94-4427-4AFD-AE7A-DD7E491FED9A}.Release|Any CPU.ActiveCfg = Release|Any CPU
		{11317F94-4427-4AFD-AE7A-DD7E491FED9A}.Release|Any CPU.Build.0 = Release|Any CPU
	EndGlobalSection
	GlobalSection(SolutionProperties) = preSolution
		HideSolutionNode = FALSE
	EndGlobalSection
	GlobalSection(ExtensibilityGlobals) = postSolution
		SolutionGuid = {0D6B5A48-4239-4CBB-9A60-E30C9DB69B6C}
	EndGlobalSection
EndGlobal
